
Microsoft Visual Studio Solution File, Format Version 12.00
# Visual Studio 15
VisualStudioVersion = 15.0.27130.2027
MinimumVisualStudioVersion = 10.0.40219.1
Project("{FAE04EC0-301F-11D3-BF4B-00C04F79EFBC}") = "Gateway", "Gateway\Gateway.csproj", "{6A3ACE2F-4CF3-47A8-B8FD-19CD19A51E09}"
EndProject
Global
	GlobalSection(SolutionConfigurationPlatforms) = preSolution
		Debug|Any CPU = Debug|Any CPU
		Release|Any CPU = Release|Any CPU
	EndGlobalSection
	GlobalSection(ProjectConfigurationPlatforms) = postSolution
		{6A3ACE2F-4CF3-47A8-B8FD-19CD19A51E09}.Debug|Any CPU.ActiveCfg = Debug|Any CPU
		{6A3ACE2F-4CF3-47A8-B8FD-19CD19A51E09}.Debug|Any CPU.Build.0 = Debug|Any CPU
		{6A3ACE2F-4CF3-47A8-B8FD-19CD19A51E09}.Release|Any CPU.ActiveCfg = Release|Any CPU
		{6A3ACE2F-4CF3-47A8-B8FD-19CD19A51E09}.Release|Any CPU.Build.0 = Release|Any CPU
	EndGlobalSection
	GlobalSection(SolutionProperties) = preSolution
		HideSolutionNode = FALSE
	EndGlobalSection
	GlobalSection(ExtensibilityGlobals) = postSolution
		SolutionGuid = {786DE67C-18D3-4FD2-BA53-1BC2A989E5C2}
	EndGlobalSection
EndGlobal
